<Project xmlns="http://schemas.microsoft.com/developer/msbuild/2003">
    <PropertyGroup>
        <ProjectGuid>{29456736-31DD-4617-B9F5-6B81D0FA5112}</ProjectGuid>
        <ProjectVersion>18.4</ProjectVersion>
        <FrameworkType>VCL</FrameworkType>
        <MainSource>StudyPlan.dpr</MainSource>
        <Base>True</Base>
        <Config Condition="'$(Config)'==''">Release</Config>
        <Platform Condition="'$(Platform)'==''">Win32</Platform>
        <TargetedPlatforms>1</TargetedPlatforms>
        <AppType>Application</AppType>
    </PropertyGroup>
    <PropertyGroup Condition="'$(Config)'=='Base' or '$(Base)'!=''">
        <Base>true</Base>
    </PropertyGroup>
    <PropertyGroup Condition="('$(Platform)'=='Win32' and '$(Base)'=='true') or '$(Base_Win32)'!=''">
        <Base_Win32>true</Base_Win32>
        <CfgParent>Base</CfgParent>
        <Base>true</Base>
    </PropertyGroup>
    <PropertyGroup Condition="('$(Platform)'=='Win64' and '$(Base)'=='true') or '$(Base_Win64)'!=''">
        <Base_Win64>true</Base_Win64>
        <CfgParent>Base</CfgParent>
        <Base>true</Base>
    </PropertyGroup>
    <PropertyGroup Condition="'$(Config)'=='Debug' or '$(Cfg_1)'!=''">
        <Cfg_1>true</Cfg_1>
        <CfgParent>Base</CfgParent>
        <Base>true</Base>
    </PropertyGroup>
    <PropertyGroup Condition="('$(Platform)'=='Win32' and '$(Cfg_1)'=='true') or '$(Cfg_1_Win32)'!=''">
        <Cfg_1_Win32>true</Cfg_1_Win32>
        <CfgParent>Cfg_1</CfgParent>
        <Cfg_1>true</Cfg_1>
        <Base>true</Base>
    </PropertyGroup>
    <PropertyGroup Condition="'$(Config)'=='Release' or '$(Cfg_2)'!=''">
        <Cfg_2>true</Cfg_2>
        <CfgParent>Base</CfgParent>
        <Base>true</Base>
    </PropertyGroup>
    <PropertyGroup Condition="('$(Platform)'=='Win32' and '$(Cfg_2)'=='true') or '$(Cfg_2_Win32)'!=''">
        <Cfg_2_Win32>true</Cfg_2_Win32>
        <CfgParent>Cfg_2</CfgParent>
        <Cfg_2>true</Cfg_2>
        <Base>true</Base>
    </PropertyGroup>
    <PropertyGroup Condition="'$(Base)'!=''">
        <SanitizedProjectName>StudyPlan</SanitizedProjectName>
        <Manifest_File>None</Manifest_File>
        <VerInfo_Keys>CompanyName=;FileDescription=;FileVersion=1.0.0.0;InternalName=;LegalCopyright=;LegalTrademarks=;OriginalFilename=;ProductName=;ProductVersion=1.0.0.0;Comments=</VerInfo_Keys>
        <VerInfo_Locale>1049</VerInfo_Locale>
        <DCC_Namespace>System;Xml;Data;Datasnap;Web;Soap;Vcl;Vcl.Imaging;Vcl.Touch;Vcl.Samples;Vcl.Shell;$(DCC_Namespace)</DCC_Namespace>
        <Icon_MainIcon>$(BDS)\bin\delphi_PROJECTICON.ico</Icon_MainIcon>
        <DCC_UsePackage>fmx;IndySystem;DataSnapClient;DataSnapServer;DataSnapCommon;DBXInterBaseDriver;DataSnapProviderClient;DbxCommonDriver;dbxcds;DBXOracleDriver;dsnap;IndyCore;fmxase;inetdbxpress;IPIndyImpl;bindcompfmx;rtl;dbrtl;DbxClientDriver;bindcomp;inetdb;xmlrtl;IndyProtocols;DBXMySQLDriver;bindengine;soaprtl;DBXInformixDriver;DBXFirebirdDriver;inet;fmxobj;DBXSybaseASADriver;fmxdae;dbexpress;DataSnapIndy10ServerTransport;$(DCC_UsePackage)</DCC_UsePackage>
        <DCC_DcuOutput>.\$(Platform)\$(Config)</DCC_DcuOutput>
        <DCC_ExeOutput>.\$(Platform)\$(Config)</DCC_ExeOutput>
    </PropertyGroup>
    <PropertyGroup Condition="'$(Base_Win32)'!=''">
        <Debugger_RunParams>/username=prog1 /password=180903</Debugger_RunParams>
        <DCC_UsePackage>fsADO16;cxPageControldxBarPopupMenuD16;RtmRxBDE160;cxPageControlD16;dxPSdxFCLnkD16;cxBarEditItemD16;TeeDB;dxComnD16;dxNavBarD16;dxPSCoreD16;inetdbbde;vclib;frxBDE16;dcldxSkinsCoreD16;cxPivotGridOLAPD16;dxSkinsdxNavBarPainterD16;dxdbtrD16;dxSpellCheckerD16;DBXSybaseASEDriver;fsIBX16;dxBarDBNavD16;vclimg;cxSpreadSheetD16;dxPSDBTeeChartD16;fmi;RtmRxCtl160;officeXPrt;dxCoreD16;vcldb;dxorgcD16;vcldsnap;cxPivotGridChartD16;dxSkinscxPCPainterD16;dxRibbonD16;dxPScxExtCommonD16;cxVerticalGridD16;DBXDb2Driver;Intraweb_120_160;dxThemeD16;frxADO16;vclribbon;frxe16;dxdborD16;cxTreeListdxBarPopupMenuD16;cxSchedulerGridD16;vcl;dxSkinscxSchedulerPainterD16;dxGDIPlusD16;CloudService;CodeSiteExpressPkg;DBXMSSQLDriver;FmxTeeUI;dxPScxSSLnkD16;dxPSdxOCLnkD16;dxPSdxDBTVLnkD16;RtmRxDB160;fsTee16;cxTreeListD16;dxPScxVGridLnkD16;cxLibraryD16;dxPScxPivotGridLnkD16;dxPSdxDBOCLnkD16;webdsnap;dxBarD16;dxtrmdD16;dxPScxPCProdD16;dxPScxSchedulerLnkD16;adortl;dxPScxGridLnkD16;dxBarExtItemsD16;dxLayoutControlD16;frxDBX16;dxDockingD16;vcldbx;frx16;cxPivotGridD16;cxEditorsD16;dxPSTeeChartD16;dxPScxCommonD16;dxPsPrVwAdvD16;Tee;DBXOdbcDriver;dxPSLnksD16;svnui;ibxpress;dxBarExtDBItemsD16;dxmdsD16;dxSkinsCoreD16;fsBDE16;intrawebdb_120_160;frxDB16;dxSkinsdxDLPainterD16;dxPSPrVwRibbonD16;fs16;vclactnband;FMXTee;TeeUI;bindcompvcl;frxcs16;dxTabbedMDID16;vclie;vcltouch;websnap;dxPSdxLCLnkD16;VclSmp;fsDB16;dxFlowChartD16;dxSkinsdxRibbonPainterD16;DataSnapConnectors;dclfrxTee16;dsnapcon;cxGridD16;vclx;svn;dxSkinsdxBarPainterD16;dxPScxTLLnkD16;bdertl;cxSchedulerD16;frxIBX16;$(DCC_UsePackage)</DCC_UsePackage>
        <VerInfo_IncludeVerInfo>true</VerInfo_IncludeVerInfo>
        <DCC_Namespace>Winapi;System.Win;Data.Win;Datasnap.Win;Web.Win;Soap.Win;Xml.Win;Bde;$(DCC_Namespace)</DCC_Namespace>
        <VerInfo_Locale>1033</VerInfo_Locale>
        <Manifest_File>$(BDS)\bin\default_app.manifest</Manifest_File>
        <AppEnableRuntimeThemes>true</AppEnableRuntimeThemes>
        <UWP_DelphiLogo44>$(BDS)\bin\Artwork\Windows\UWP\delphi_UwpDefault_44.png</UWP_DelphiLogo44>
        <UWP_DelphiLogo150>$(BDS)\bin\Artwork\Windows\UWP\delphi_UwpDefault_150.png</UWP_DelphiLogo150>
    </PropertyGroup>
    <PropertyGroup Condition="'$(Base_Win64)'!=''">
        <DCC_UsePackage>TeeDB;DBXSybaseASEDriver;vclimg;vcldb;vcldsnap;DBXDb2Driver;vcl;DBXMSSQLDriver;webdsnap;adortl;Tee;DBXOdbcDriver;vclactnband;TeeUI;bindcompvcl;vclie;vcltouch;websnap;VclSmp;dsnapcon;vclx;$(DCC_UsePackage)</DCC_UsePackage>
        <UWP_DelphiLogo44>$(BDS)\bin\Artwork\Windows\UWP\delphi_UwpDefault_44.png</UWP_DelphiLogo44>
        <UWP_DelphiLogo150>$(BDS)\bin\Artwork\Windows\UWP\delphi_UwpDefault_150.png</UWP_DelphiLogo150>
    </PropertyGroup>
    <PropertyGroup Condition="'$(Cfg_1)'!=''">
        <DCC_Define>DEBUG;$(DCC_Define)</DCC_Define>
        <DCC_Optimize>false</DCC_Optimize>
        <DCC_GenerateStackFrames>true</DCC_GenerateStackFrames>
        <DCC_DebugInfoInExe>true</DCC_DebugInfoInExe>
        <DCC_RemoteDebug>true</DCC_RemoteDebug>
    </PropertyGroup>
    <PropertyGroup Condition="'$(Cfg_1_Win32)'!=''">
        <Manifest_File>$(BDS)\bin\default_app.manifest</Manifest_File>
        <VerInfo_IncludeVerInfo>true</VerInfo_IncludeVerInfo>
        <VerInfo_Locale>1033</VerInfo_Locale>
        <DCC_RemoteDebug>false</DCC_RemoteDebug>
        <AppEnableRuntimeThemes>true</AppEnableRuntimeThemes>
        <BT_BuildType>Debug</BT_BuildType>
    </PropertyGroup>
    <PropertyGroup Condition="'$(Cfg_2)'!=''">
        <DCC_LocalDebugSymbols>false</DCC_LocalDebugSymbols>
        <DCC_Define>RELEASE;$(DCC_Define)</DCC_Define>
        <DCC_SymbolReferenceInfo>0</DCC_SymbolReferenceInfo>
        <DCC_DebugInformation>0</DCC_DebugInformation>
    </PropertyGroup>
    <PropertyGroup Condition="'$(Cfg_2_Win32)'!=''">
        <VerInfo_Locale>1033</VerInfo_Locale>
        <Manifest_File>$(BDS)\bin\default_app.manifest</Manifest_File>
        <VerInfo_IncludeVerInfo>true</VerInfo_IncludeVerInfo>
        <AppEnableRuntimeThemes>true</AppEnableRuntimeThemes>
        <BT_BuildType>Debug</BT_BuildType>
    </PropertyGroup>
    <ItemGroup>
        <DelphiCompile Include="$(MainSource)">
            <MainSource>MainSource</MainSource>
        </DelphiCompile>
        <DCCReference Include="C:\Users\Public\Documents\Embarcadero\Studio\Components\Kulakov\DocumentView\DocumentView.pas">
            <Form>View</Form>
            <DesignClass>TFrame</DesignClass>
        </DCCReference>
        <DCCReference Include="C:\Users\Public\Documents\Embarcadero\Studio\Components\Kulakov\DocumentView\ViewEx.pas">
            <Form>View_Ex</Form>
            <DesignClass>TFrame</DesignClass>
        </DCCReference>
        <DCCReference Include="C:\Users\Public\Documents\Embarcadero\Studio\Components\Kulakov\DataSet\View\DataSetView_2.pas">
            <Form>DataSetView2</Form>
            <DesignClass>TFrame</DesignClass>
        </DCCReference>
        <DCCReference Include="C:\Users\Public\Documents\Embarcadero\Studio\Components\Kulakov\DocumentView\ViewForm.pas">
            <Form>frmView</Form>
        </DCCReference>
        <DCCReference Include="C:\Users\Public\Documents\Embarcadero\Studio\Components\Kulakov\DocumentView\ViewFormEx.pas">
            <Form>frmViewEx</Form>
        </DCCReference>
        <DCCReference Include="C:\Users\Public\Documents\Embarcadero\Studio\Components\Study_process\CutCopyPaste.pas"/>
        <DCCReference Include="C:\Users\Public\Documents\Embarcadero\Studio\Components\Kulakov\ComboBox\ComboBoxView\cxComboBoxGridView.pas"/>
        <DCCReference Include="C:\Users\Public\Documents\Embarcadero\Studio\Components\Kulakov\DataSet\Essence\View\EssenceGridView.pas">
            <Form>dsgvEssence</Form>
            <DesignClass>TDataSetView2</DesignClass>
        </DCCReference>
        <DCCReference Include="C:\Users\Public\Documents\Embarcadero\Studio\Components\Kulakov\DataSet\View\DBTreeListView.pas">
            <Form>viewDBTreeList</Form>
            <DesignClass>TFrame</DesignClass>
        </DCCReference>
        <DCCReference Include="C:\Users\Public\Documents\Embarcadero\Studio\Components\Kulakov\ComboBox\GridComboBox.pas">
            <Form>cxGridComboBoxView</Form>
            <DesignClass>TView_Ex</DesignClass>
        </DCCReference>
        <DCCReference Include="CSE.pas"/>
        <DCCReference Include="CSEDBTreeListView.pas"/>
        <DCCReference Include="CSEView.pas"/>
        <DCCReference Include="DisciplineNames.pas"/>
        <DCCReference Include="GridComboBoxViewEx.pas">
            <Form>cxGridCBViewEx</Form>
        </DCCReference>
        <DCCReference Include="Main.pas">
            <Form>frmMain</Form>
        </DCCReference>
        <DCCReference Include="MessageForm.pas">
            <Form>frmMessage</Form>
        </DCCReference>
        <DCCReference Include="MyConnection.pas"/>
        <DCCReference Include="SPDBTreeListView.pas"/>
        <DCCReference Include="SpecEducationGridComboBoxView.pas"/>
        <DCCReference Include="SpecialitySessions.pas"/>
        <DCCReference Include="SPEditForm.pas"/>
        <DCCReference Include="SPEditView.pas"/>
        <DCCReference Include="SPUnit.pas"/>
        <DCCReference Include="SPView2.pas"/>
        <DCCReference Include="SPViewDM.pas">
            <Form>DM</Form>
            <DesignClass>TDataModule</DesignClass>
        </DCCReference>
        <DCCReference Include="SS.pas"/>
        <DCCReference Include="Admissions.pas"/>
        <DCCReference Include="DPOStudyPlan.pas"/>
        <DCCReference Include="StudGroups.pas"/>
        <DCCReference Include="Lessons.pas"/>
        <DCCReference Include="LessonsView.pas"/>
        <DCCReference Include="GFLTeachers.pas"/>
        <DCCReference Include="CourcesNames.pas"/>
        <DCCReference Include="DPODisciplineNames.pas"/>
        <DCCReference Include="StudyPlanFactors.pas"/>
        <DCCReference Include="QuerysView.pas">
            <Form>dsgvQuerys</Form>
            <DesignClass>TFrame</DesignClass>
        </DCCReference>
        <DCCReference Include="StudyPlanFactorsTreeListView.pas">
            <Form>dbtlvStudyPlanFactors</Form>
            <DesignClass>TFrame</DesignClass>
        </DCCReference>
        <DCCReference Include="AdmissionView.pas">
            <Form>dsgvAdmission</Form>
            <DesignClass>TdsgvEssence</DesignClass>
        </DCCReference>
        <DCCReference Include="CopyProgressForm.pas">
            <Form>frmCopyProgress</Form>
        </DCCReference>
        <DCCReference Include="CopyFactorsForm.pas">
            <Form>frmCopyStudyPlanFactors</Form>
        </DCCReference>
        <DCCReference Include="FactorEditView1.pas">
            <Form>viewFactorEditName</Form>
            <DesignClass>TFrame</DesignClass>
        </DCCReference>
        <DCCReference Include="FactorEditView2.pas">
            <Form>viewFactorEditQuery</Form>
            <DesignClass>TFrame</DesignClass>
        </DCCReference>
        <DCCReference Include="CustomFactorEditView.pas">
            <Form>viewCustomFactorEdit</Form>
            <DesignClass>TFrame</DesignClass>
        </DCCReference>
        <DCCReference Include="FactorEditView3.pas">
            <Form>viewFactorEditRules</Form>
            <DesignClass>TFrame</DesignClass>
        </DCCReference>
        <DCCReference Include="FactorRulesView.pas">
            <Form>dsgvFactorRules</Form>
            <DesignClass>TFrame</DesignClass>
        </DCCReference>
        <DCCReference Include="FactorsDBTreeView.pas">
            <Form>dbtlvFactors</Form>
            <DesignClass>TFrame</DesignClass>
        </DCCReference>
        <DCCReference Include="FactorsView2.pas">
            <Form>viewFactors</Form>
            <DesignClass>TFrame</DesignClass>
        </DCCReference>
        <DCCReference Include="AddFactorForm.pas">
            <Form>frmAddFactor</Form>
        </DCCReference>
        <DCCReference Include="ParameterValuesView.pas">
            <Form>dsgvParameterValues</Form>
            <DesignClass>TFrame</DesignClass>
        </DCCReference>
        <DCCReference Include="StudyPlanFactorsView2.pas">
            <Form>viewStudyPlanFactors</Form>
            <DesignClass>TFrame</DesignClass>
        </DCCReference>
        <DCCReference Include="CyclesView2.pas">
            <Form>dsgvCycles</Form>
            <DesignClass>TFrame</DesignClass>
        </DCCReference>
        <DCCReference Include="DPOPlanView.pas">
            <Form>dsgvDPOStudyPlan</Form>
            <DesignClass>TFrame</DesignClass>
        </DCCReference>
        <DCCReference Include="C:\Users\Public\Documents\Embarcadero\Studio\Components\Study_process\CommissionOptions.pas"/>
        <DCCReference Include="C:\Users\Public\Documents\Embarcadero\Studio\Components\Study_process\StudyProcessTools.pas"/>
        <DCCReference Include="C:\Users\Public\Documents\Embarcadero\Studio\Components\Study_process\Years.pas"/>
        <DCCReference Include="C:\Users\Public\Documents\Embarcadero\Studio\Components\Study_process\Chairs.pas"/>
        <DCCReference Include="C:\Users\Public\Documents\Embarcadero\Studio\Components\Study_process\Level.pas"/>
        <DCCReference Include="C:\Users\Public\Documents\Embarcadero\Studio\Components\Study_process\Specialitys.pas"/>
        <DCCReference Include="C:\Users\Public\Documents\Embarcadero\Studio\Components\Study_process\EducationLevel.pas"/>
        <DCCReference Include="C:\Users\Public\Documents\Embarcadero\Studio\Components\Study_process\LessonTypes.pas"/>
        <DCCReference Include="C:\Users\Public\Documents\Embarcadero\Studio\Components\Study_process\SpecEducation.pas"/>
        <DCCReference Include="C:\Users\Public\Documents\Embarcadero\Studio\Components\Study_process\StudyPlanStandarts.pas"/>
        <DCCReference Include="SpecialitysGridComboBoxView.pas">
            <Form>cxSpecialitysGridCBViewEx</Form>
            <DesignClass>TFrame</DesignClass>
        </DCCReference>
        <DCCReference Include="Qualifications.pas"/>
        <DCCReference Include="SpecialityGridView.pas">
            <Form>dsgvSpecialitys</Form>
            <DesignClass>TFrame</DesignClass>
        </DCCReference>
        <DCCReference Include="HourViewTypes.pas"/>
        <DCCReference Include="UMK\UMKMaster.pas"/>
        <DCCReference Include="UMK\UMK.pas"/>
        <DCCReference Include="UMK\StudyPlanForUMK.pas"/>
        <DCCReference Include="UMK\UMKMasterForm.pas">
            <Form>frmUMKMaster</Form>
        </DCCReference>
        <DCCReference Include="UMK\UMKMasterView.pas">
            <Form>viewUMKMaster</Form>
            <DesignClass>TFrame</DesignClass>
        </DCCReference>
        <DCCReference Include="UMK\SPForUMKView.pas">
            <Form>dsgvSPForUMK</Form>
            <DesignClass>TFrame</DesignClass>
        </DCCReference>
        <DCCReference Include="UMK\ETP.pas"/>
        <DCCReference Include="UMK\ETPView.pas">
            <Form>viewETP</Form>
            <DesignClass>TFrame</DesignClass>
        </DCCReference>
        <DCCReference Include="RearrangeUnit.pas"/>
        <DCCReference Include="LessonThemesUMKView.pas">
            <Form>viewLessonThemesForUMK</Form>
            <DesignClass>TFrame</DesignClass>
        </DCCReference>
        <DCCReference Include="UMKDataModule.pas">
            <Form>UMKDM</Form>
            <DesignClass>TDataModule</DesignClass>
        </DCCReference>
        <DCCReference Include="PrepareUMKView.pas">
            <Form>viewPrepareUMK</Form>
            <DesignClass>TFrame</DesignClass>
        </DCCReference>
        <DCCReference Include="..\Commission\Teachers\TeacherUnit.pas"/>
        <DCCReference Include="C:\Users\Public\Documents\Embarcadero\Studio\Components\Study_process\ProgressBarForm.pas">
            <Form>frmProgressBar</Form>
        </DCCReference>
        <DCCReference Include="DisciplineCompetence.pas"/>
        <DCCReference Include="DisciplineCompetenceView.pas">
            <Form>viewDisciplineCompetence</Form>
            <DesignClass>TFrame</DesignClass>
        </DCCReference>
        <DCCReference Include="AllCompetenceGridView.pas">
            <Form>dsgvAllCompetence</Form>
            <DesignClass>TFrame</DesignClass>
        </DCCReference>
        <DCCReference Include="LanguageConstants.pas"/>
        <DCCReference Include="DisciplinePurposeView.pas">
            <Form>viewDisciplinePurpose</Form>
            <DesignClass>TFrame</DesignClass>
        </DCCReference>
        <DCCReference Include="StudyPlanInfo.pas"/>
        <DCCReference Include="DisciplineLessonTypes.pas"/>
        <DCCReference Include="Word2010Ex.pas"/>
        <DCCReference Include="AdoptionDatesForm.pas">
            <Form>frmAdoptionDates</Form>
        </DCCReference>
        <DCCReference Include="EducationalStandarts.pas"/>
        <DCCReference Include="StudyPlanAdoption.pas"/>
        <DCCReference Include="UMKAdoption.pas"/>
        <DCCReference Include="ControlNames.pas"/>
        <DCCReference Include="ThemeUnionControls.pas"/>
        <DCCReference Include="ThemeUnionControlsView.pas">
            <Form>dsgvThemeUnionControls</Form>
            <DesignClass>TFrame</DesignClass>
        </DCCReference>
        <DCCReference Include="PopupForm.pas">
            <Form>frmPopupForm</Form>
        </DCCReference>
        <DCCReference Include="IndependentWork.pas"/>
        <DCCReference Include="ThemeUnionIndependentWork.pas"/>
        <DCCReference Include="SoftwareTypes.pas"/>
        <DCCReference Include="Software.pas"/>
        <DCCReference Include="SoftwareDocument.pas"/>
        <DCCReference Include="SoftwareView.pas">
            <Form>ViewSoftware</Form>
            <DesignClass>TFrame</DesignClass>
        </DCCReference>
        <DCCReference Include="SpecialitySessionsView.pas">
            <Form>gvSpecialitySessions</Form>
            <DesignClass>TFrame</DesignClass>
        </DCCReference>
        <DCCReference Include="SpecEducationView.pas">
            <Form>gvSpecEducation</Form>
            <DesignClass>TFrame</DesignClass>
        </DCCReference>
        <DCCReference Include="DisciplineSoft.pas"/>
        <DCCReference Include="SoftUMKView.pas">
            <Form>ViewSoftUMK</Form>
            <DesignClass>TFrame</DesignClass>
        </DCCReference>
        <DCCReference Include="PreviousDisciplines.pas"/>
        <DCCReference Include="PreviousDisciplinesView.pas">
            <Form>ViewCustomDisciplines</Form>
            <DesignClass>TFrame</DesignClass>
        </DCCReference>
        <DCCReference Include="EducationalWorks.pas"/>
        <DCCReference Include="ThemeUnionEducationalWorks.pas"/>
        <DCCReference Include="LessonFeatures.pas"/>
        <DCCReference Include="ThemeUnionLessonFeatures.pas"/>
        <DCCReference Include="technologies.pas"/>
        <DCCReference Include="THEMEUNIONTECHNOLOGIES.pas"/>
        <DCCReference Include="AdmissionGridView2.pas">
            <Form>AdmissionGV</Form>
            <DesignClass>TFrame</DesignClass>
        </DCCReference>
        <DCCReference Include="ThemeUnionDetails.pas"/>
        <DCCReference Include="ETPCatalog.pas"/>
        <DCCReference Include="ThemeQuestionTypes.pas"/>
        <DCCReference Include="ThemeQuestions.pas"/>
        <DCCReference Include="helpers\StrHelper.pas"/>
        <DCCReference Include="helpers\GridExtension.pas"/>
        <DCCReference Include="AbitConnector.pas"/>
        <DCCReference Include="ClipboardUnit.pas"/>
        <DCCReference Include="DisciplineLit.pas"/>
        <DCCReference Include="DisciplineLitView.pas">
            <Form>viewDisciplineLit</Form>
            <FormType>dfm</FormType>
            <DesignClass>TFrame</DesignClass>
        </DCCReference>
        <DCCReference Include="LibConnector.pas"/>
        <DCCReference Include="RetrainingSpecialitys.pas"/>
        <DCCReference Include="Dumb.pas"/>
        <DCCReference Include="SpecEducSimple.pas"/>
        <DCCReference Include="Views\GridFrame.pas">
            <Form>frmGrid</Form>
            <FormType>dfm</FormType>
            <DesignClass>TFrame</DesignClass>
        </DCCReference>
        <DCCReference Include="Views\CourcesView\CourcesView.pas">
            <Form>ViewCources</Form>
            <FormType>dfm</FormType>
            <DesignClass>TFrame</DesignClass>
        </DCCReference>
        <DCCReference Include="Queryes\CourceGroup.pas"/>
        <DCCReference Include="helpers\DragHelper.pas"/>
        <DCCReference Include="helpers\TextRectHelper.pas"/>
        <DCCReference Include="helpers\DialogUnit.pas"/>
        <DCCReference Include="Queryes\FireDACDataModule.pas">
            <Form>FireDACDM</Form>
            <FormType>dfm</FormType>
            <DesignClass>TDataModule</DesignClass>
        </DCCReference>
        <DCCReference Include="Queryes\BaseQuery.pas">
            <Form>QueryBase</Form>
            <FormType>dfm</FormType>
            <DesignClass>TFrame</DesignClass>
        </DCCReference>
        <DCCReference Include="Queryes\Admissions\AdmissionsQuery.pas">
            <Form>QueryAdmissions</Form>
            <FormType>dfm</FormType>
            <DesignClass>TFrame</DesignClass>
        </DCCReference>
        <DCCReference Include="Queryes\DPOSP\DPOSPQuery.pas">
            <Form>QueryDPOSP</Form>
            <FormType>dfm</FormType>
            <DesignClass>TFrame</DesignClass>
        </DCCReference>
        <DCCReference Include="Queryes\DSWrap.pas"/>
        <DCCReference Include="Queryes\Chairs\ChairsQuery.pas">
            <Form>QueryChairs</Form>
            <FormType>dfm</FormType>
            <DesignClass>TFrame</DesignClass>
        </DCCReference>
        <DCCReference Include="Queryes\CourceName\CourceNameQuery.pas">
            <Form>QueryCourceName</Form>
            <FormType>dfm</FormType>
            <DesignClass>TFrame</DesignClass>
        </DCCReference>
        <DCCReference Include="Views\CourcesView\CreateCourcePlanForm.pas">
            <Form>frmCreateCourcePlan</Form>
            <FormType>dfm</FormType>
        </DCCReference>
        <DCCReference Include="Queryes\FDDumbQuery.pas">
            <Form>QueryFDDumb</Form>
            <FormType>dfm</FormType>
            <DesignClass>TFrame</DesignClass>
        </DCCReference>
        <DCCReference Include="Views\CourcesView\DisciplineEditForm.pas">
            <Form>frmEditDiscipline</Form>
            <FormType>dfm</FormType>
        </DCCReference>
        <DCCReference Include="Queryes\DisciplineName\DisciplineNameQuery.pas">
            <Form>QueryDisciplineName</Form>
            <FormType>dfm</FormType>
            <DesignClass>TFrame</DesignClass>
        </DCCReference>
        <DCCReference Include="helpers\InsertEditMode.pas"/>
        <DCCReference Include="Queryes\cyclespecialityeducations\CycleSpecialityEducationQuery.pas">
            <Form>QueryCycleSpecialityEducations</Form>
            <FormType>dfm</FormType>
            <DesignClass>TFrame</DesignClass>
        </DCCReference>
        <DCCReference Include="Queryes\SpecialitySessions\SpecialitySessionsQuery.pas">
            <Form>QuerySpecialitySessions</Form>
            <FormType>dfm</FormType>
            <DesignClass>TFrame</DesignClass>
        </DCCReference>
        <DCCReference Include="Queryes\StudyPlans\StudyPlansQuery.pas">
            <Form>QueryStudyPlans</Form>
            <FormType>dfm</FormType>
            <DesignClass>TFrame</DesignClass>
        </DCCReference>
        <DCCReference Include="Queryes\LessonTypes\LessonTypeQuery.pas">
            <Form>QueryLessonType</Form>
            <FormType>dfm</FormType>
            <DesignClass>TFrame</DesignClass>
        </DCCReference>
        <DCCReference Include="Queryes\CopyStudyPlan\CopyStudyPlanQuery.pas">
            <Form>QueryCopyStudyPlan</Form>
            <FormType>dfm</FormType>
            <DesignClass>TFrame</DesignClass>
        </DCCReference>
        <DCCReference Include="helpers\CountNameHelper.pas"/>
        <DCCReference Include="Queryes\StudentGroups\StudentGroupsQuery.pas">
            <Form>QueryStudentGroups</Form>
            <FormType>dfm</FormType>
            <DesignClass>TFrame</DesignClass>
        </DCCReference>
        <DCCReference Include="Views\CourcesView\StudentGroupsView.pas">
            <Form>ViewStudentGroups</Form>
            <FormType>dfm</FormType>
            <DesignClass>TFrame</DesignClass>
        </DCCReference>
        <DCCReference Include="Queryes\VirtualStudents\CreateVirtualStudentQuery.pas">
            <Form>QueryCreateVirtualStudent</Form>
            <FormType>dfm</FormType>
            <DesignClass>TFrame</DesignClass>
        </DCCReference>
        <DCCReference Include="Queryes\VirtualStudents\DropVirtualStudentQuery.pas">
            <Form>QueryDropVirtualStudent</Form>
            <FormType>dfm</FormType>
            <DesignClass>TFrame</DesignClass>
        </DCCReference>
        <DCCReference Include="Views\CourcesView\DisciplinesView.pas">
            <Form>ViewDisciplines</Form>
            <FormType>dfm</FormType>
            <DesignClass>TFrame</DesignClass>
        </DCCReference>
        <DCCReference Include="Queryes\CourceEdTypes\CourceEdTypesQuery.pas">
            <Form>QueryCourceEdType</Form>
            <FormType>dfm</FormType>
            <DesignClass>TFrame</DesignClass>
        </DCCReference>
        <DCCReference Include="Queryes\SpecialityEducations\SpecEdQuery.pas">
            <Form>QuerySpecEd</Form>
            <FormType>dfm</FormType>
            <DesignClass>TFrame</DesignClass>
        </DCCReference>
        <DCCReference Include="Views\SpecEdView\SpecEdView.pas">
            <Form>ViewSpecEd</Form>
            <FormType>dfm</FormType>
            <DesignClass>TFrame</DesignClass>
        </DCCReference>
        <DCCReference Include="Queryes\SpecialityEducations\SpecEdGroup.pas"/>
        <DCCReference Include="Queryes\Educations2\EdQuery.pas">
            <Form>QueryEd</Form>
            <FormType>dfm</FormType>
            <DesignClass>TFrame</DesignClass>
        </DCCReference>
        <DCCReference Include="Queryes\Education_Level\EdLevelQuery.pas">
            <Form>QueryEdLevel</Form>
            <FormType>dfm</FormType>
            <DesignClass>TFrame</DesignClass>
        </DCCReference>
        <DCCReference Include="Views\SPView\SPMainView.pas">
            <Form>ViewSPMain</Form>
            <FormType>dfm</FormType>
            <DesignClass>TFrame</DesignClass>
        </DCCReference>
        <DCCReference Include="Queryes\SP\SPGroup.pas"/>
        <DCCReference Include="Views\SPView\SpecEdPopupView.pas">
            <Form>ViewSpecEdPopup</Form>
            <FormType>dfm</FormType>
            <DesignClass>TFrame</DesignClass>
        </DCCReference>
        <DCCReference Include="Queryes\SpecEdSimple\SpecEdSimpleQuery.pas">
            <Form>QuerySpecEdSimple</Form>
            <FormType>dfm</FormType>
            <DesignClass>TFrame</DesignClass>
        </DCCReference>
        <DCCReference Include="helpers\DBLookupComboBoxHelper.pas"/>
        <DCCReference Include="Queryes\SP\SPQry.pas">
            <Form>QrySP</Form>
            <FormType>dfm</FormType>
            <DesignClass>TFrame</DesignClass>
        </DCCReference>
        <DCCReference Include="Queryes\SP\SPMemTable.pas"/>
        <DCCReference Include="Queryes\Years\YearsQry.pas">
            <Form>QryYears</Form>
            <FormType>dfm</FormType>
            <DesignClass>TFrame</DesignClass>
        </DCCReference>
        <DCCReference Include="Queryes\SP\SpecEdBaseFormQry.pas">
            <Form>QrySpecEdBaseForm</Form>
            <FormType>dfm</FormType>
            <DesignClass>TFrame</DesignClass>
        </DCCReference>
        <DCCReference Include="Views\SPView\SPOView.pas">
            <Form>ViewSPO</Form>
            <FormType>dfm</FormType>
            <DesignClass>TFrame</DesignClass>
        </DCCReference>
        <DCCReference Include="Views\SPView\VOView.pas">
            <Form>ViewVO</Form>
            <FormType>dfm</FormType>
            <DesignClass>TFrame</DesignClass>
        </DCCReference>
        <DCCReference Include="Views\SPView\RetrainingView.pas">
            <Form>ViewRetraining</Form>
            <FormType>dfm</FormType>
            <DesignClass>TFrame</DesignClass>
        </DCCReference>
        <DCCReference Include="Queryes\EducationLevel\EdLvlQry.pas">
            <Form>QryEdLvl</Form>
            <FormType>dfm</FormType>
            <DesignClass>TFrame</DesignClass>
        </DCCReference>
        <DCCReference Include="Queryes\SpecEdSimple\SpecEdSimpleQuery2.pas">
            <Form>QrySpecEdSimple2</Form>
            <FormType>dfm</FormType>
            <DesignClass>TFrame</DesignClass>
        </DCCReference>
        <DCCReference Include="Views\SPView\EditStudyPlanForm.pas">
            <Form>frmEditStudyPlan</Form>
            <FormType>dfm</FormType>
        </DCCReference>
        <DCCReference Include="Queryes\ChairUnion\ChairUnionQry.pas">
            <Form>QryChairUnion</Form>
            <FormType>dfm</FormType>
            <DesignClass>TFrame</DesignClass>
        </DCCReference>
        <DCCReference Include="Queryes\SpecByChair\SpecByChairQry.pas">
            <Form>QrySpecByChair</Form>
            <FormType>dfm</FormType>
            <DesignClass>TFrame</DesignClass>
        </DCCReference>
        <DCCReference Include="Views\SPView\SpecPopupView.pas">
            <Form>ViewSpecPopup</Form>
            <FormType>dfm</FormType>
            <DesignClass>TFrame</DesignClass>
        </DCCReference>
        <DCCReference Include="Queryes\SP\QualificationQuery.pas">
            <Form>QryQualifications</Form>
            <FormType>dfm</FormType>
            <DesignClass>TFrame</DesignClass>
        </DCCReference>
        <DCCReference Include="Views\SPView\CopyPlanForm.pas">
            <Form>frmCopyPlan</Form>
            <FormType>dfm</FormType>
        </DCCReference>
        <DCCReference Include="Queryes\SP\DeleteCSEQuery.pas">
            <Form>QryDeleteCSE</Form>
            <FormType>dfm</FormType>
            <DesignClass>TFrame</DesignClass>
        </DCCReference>
        <DCCReference Include="Queryes\SP\DeleteSPQuery.pas">
            <Form>QryDeleteSP</Form>
            <FormType>dfm</FormType>
            <DesignClass>TFrame</DesignClass>
        </DCCReference>
        <DCCReference Include="Views\SPView\EditRetrainingPlanForm.pas">
            <Form>frmEditRetrainingPlan</Form>
            <FormType>dfm</FormType>
        </DCCReference>
        <DCCReference Include="Queryes\AreasQuery\AreasQry.pas">
            <Form>QryAreas</Form>
            <FormType>dfm</FormType>
            <DesignClass>TFrame</DesignClass>
        </DCCReference>
        <DCCReference Include="helpers\OptionsHelper.pas"/>
        <DCCReference Include="Queryes\SPStandart\SPStandartQuery.pas">
            <Form>QuerySPStandart</Form>
            <FormType>dfm</FormType>
            <DesignClass>TFrame</DesignClass>
        </DCCReference>
        <DCCReference Include="Queryes\DisciplineNames\DiscNameQry.pas">
            <Form>QryDiscName</Form>
            <FormType>dfm</FormType>
            <DesignClass>TFrame</DesignClass>
        </DCCReference>
        <DCCReference Include="Queryes\DisciplineNames\DiscNameGroup.pas"/>
        <DCCReference Include="Views\DiscNameView\DiscNameView.pas">
            <Form>ViewDiscName</Form>
            <FormType>dfm</FormType>
            <DesignClass>TFrame</DesignClass>
        </DCCReference>
        <DCCReference Include="Views\GridViewForm.pas">
            <Form>frmGridView</Form>
            <FormType>dfm</FormType>
        </DCCReference>
        <DCCReference Include="Views\DiscNameView\EditDisciplineFrm.pas">
            <Form>frmEditDisciplineName</Form>
            <FormType>dfm</FormType>
        </DCCReference>
        <DCCReference Include="Queryes\DisciplineNames\DiscNameInt.pas"/>
        <DCCReference Include="Queryes\SpecEdSimple\SpecEdSimpleInt.pas"/>
        <DCCReference Include="Queryes\SpecSess\SpecSessQry.pas">
            <Form>QrySpecSess</Form>
            <FormType>dfm</FormType>
            <DesignClass>TFrame</DesignClass>
        </DCCReference>
        <DCCReference Include="Queryes\SessType\SessTypeQry.pas">
            <Form>QrySessType</Form>
            <FormType>dfm</FormType>
            <DesignClass>TFrame</DesignClass>
        </DCCReference>
        <DCCReference Include="Queryes\SpecSess\SpecSessGroup.pas"/>
        <DCCReference Include="Views\SpecSessView\SpecSessView.pas">
            <Form>ViewSpecSess</Form>
            <FormType>dfm</FormType>
            <DesignClass>TFrame</DesignClass>
        </DCCReference>
        <DCCReference Include="Queryes\SpecSess\MaxSpecSessQry.pas">
            <Form>QryMaxSpecSess</Form>
            <FormType>dfm</FormType>
            <DesignClass>TFrame</DesignClass>
        </DCCReference>
        <DCCReference Include="Views\SpecView\EditSpecFrm.pas">
            <Form>frmEditSpec</Form>
            <FormType>dfm</FormType>
        </DCCReference>
        <DCCReference Include="Interfaces\SpecInt.pas"/>
        <DCCReference Include="Views\SpecView\EditRetrainingSpecFrm.pas">
            <Form>frmEditRetrainingSpec</Form>
            <FormType>dfm</FormType>
        </DCCReference>
        <DCCReference Include="Queryes\Spec\SpecQry.pas">
            <Form>QrySpec</Form>
            <FormType>dfm</FormType>
            <DesignClass>TFrame</DesignClass>
        </DCCReference>
        <DCCReference Include="FilesUpdater\FilesUpdater.pas"/>
        <DCCReference Include="helpers\FRDataModule.pas">
            <Form>FRDM</Form>
            <FormType>dfm</FormType>
            <DesignClass>TDataModule</DesignClass>
        </DCCReference>
        <DCCReference Include="helpers\FR3.pas"/>
        <DCCReference Include="FilesUpdater\ReportFilesUpdater.pas"/>
        <DCCReference Include="Queryes\Spec\SpecUniqueQuery.pas">
            <Form>QueryUniqueSpec</Form>
            <FormType>dfm</FormType>
            <DesignClass>TFrame</DesignClass>
        </DCCReference>
        <DCCReference Include="Queryes\Spec\SpecChiperUniqueQry.pas">
            <Form>QrySpecChiper</Form>
            <FormType>dfm</FormType>
            <DesignClass>TFrame</DesignClass>
        </DCCReference>
        <DCCReference Include="Queryes\Spec\SpecNameUniqueQry.pas">
            <Form>QrySpecName</Form>
            <FormType>dfm</FormType>
            <DesignClass>TFrame</DesignClass>
        </DCCReference>
        <DCCReference Include="ConnectionSettings.pas"/>
        <DCCReference Include="Queryes\LockSPQry\LockSPQry.pas">
            <Form>QryLockSP</Form>
            <FormType>dfm</FormType>
            <DesignClass>TFrame</DesignClass>
        </DCCReference>
        <None Include="StudyPlan.todo"/>
        <BuildConfiguration Include="Release">
            <Key>Cfg_2</Key>
            <CfgParent>Base</CfgParent>
        </BuildConfiguration>
        <BuildConfiguration Include="Base">
            <Key>Base</Key>
        </BuildConfiguration>
        <BuildConfiguration Include="Debug">
            <Key>Cfg_1</Key>
            <CfgParent>Base</CfgParent>
        </BuildConfiguration>
    </ItemGroup>
    <ProjectExtensions>
        <Borland.Personality>Delphi.Personality.12</Borland.Personality>
        <Borland.ProjectType/>
        <BorlandProject>
            <Delphi.Personality>
                <VersionInfo>
                    <VersionInfo Name="IncludeVerInfo">False</VersionInfo>
                    <VersionInfo Name="AutoIncBuild">False</VersionInfo>
                    <VersionInfo Name="MajorVer">1</VersionInfo>
                    <VersionInfo Name="MinorVer">0</VersionInfo>
                    <VersionInfo Name="Release">0</VersionInfo>
                    <VersionInfo Name="Build">0</VersionInfo>
                    <VersionInfo Name="Debug">False</VersionInfo>
                    <VersionInfo Name="PreRelease">False</VersionInfo>
                    <VersionInfo Name="Special">False</VersionInfo>
                    <VersionInfo Name="Private">False</VersionInfo>
                    <VersionInfo Name="DLL">False</VersionInfo>
                    <VersionInfo Name="Locale">1049</VersionInfo>
                    <VersionInfo Name="CodePage">1251</VersionInfo>
                </VersionInfo>
                <VersionInfoKeys>
                    <VersionInfoKeys Name="CompanyName"/>
                    <VersionInfoKeys Name="FileDescription"/>
                    <VersionInfoKeys Name="FileVersion">1.0.0.0</VersionInfoKeys>
                    <VersionInfoKeys Name="InternalName"/>
                    <VersionInfoKeys Name="LegalCopyright"/>
                    <VersionInfoKeys Name="LegalTrademarks"/>
                    <VersionInfoKeys Name="OriginalFilename"/>
                    <VersionInfoKeys Name="ProductName"/>
                    <VersionInfoKeys Name="ProductVersion">1.0.0.0</VersionInfoKeys>
                    <VersionInfoKeys Name="Comments"/>
                </VersionInfoKeys>
                <Excluded_Packages>
                    <Excluded_Packages Name="$(BDSBIN)\dcloffice2k250.bpl">Microsoft Office 2000 Sample Automation Server Wrapper Components</Excluded_Packages>
                    <Excluded_Packages Name="$(BDSBIN)\dclofficexp250.bpl">Microsoft Office XP Sample Automation Server Wrapper Components</Excluded_Packages>
                </Excluded_Packages>
                <Source>
                    <Source Name="MainSource">StudyPlan.dpr</Source>
                </Source>
            </Delphi.Personality>
            <Deployment Version="3">
                <DeployFile LocalName="Win32\Debug\StudyPlan.exe" Configuration="Debug" Class="ProjectOutput"/>
                <DeployFile LocalName="Win32\Release\StudyPlan.exe" Configuration="Release" Class="ProjectOutput"/>
                <DeployFile LocalName="StudyPlan.todo" Configuration="Release" Class="ProjectFile">
                    <Platform Name="Win32">
                        <RemoteDir>.\</RemoteDir>
                        <Overwrite>true</Overwrite>
                    </Platform>
                </DeployFile>
                <DeployFile LocalName="Win32\Release\StudyPlan.exe" Configuration="Release" Class="ProjectOutput">
                    <Platform Name="Win32">
                        <RemoteName>StudyPlan.exe</RemoteName>
                        <Overwrite>true</Overwrite>
                    </Platform>
                </DeployFile>
                <DeployFile LocalName="StudyPlan.todo" Configuration="Debug" Class="ProjectFile">
                    <Platform Name="Win32">
                        <RemoteDir>.\</RemoteDir>
                        <Overwrite>true</Overwrite>
                    </Platform>
                </DeployFile>
                <DeployFile LocalName="Win32\Debug\StudyPlan.exe" Configuration="Debug" Class="ProjectOutput">
                    <Platform Name="Win32">
                        <RemoteName>StudyPlan.exe</RemoteName>
                        <Overwrite>true</Overwrite>
                    </Platform>
                </DeployFile>
                <DeployClass Name="AdditionalDebugSymbols">
                    <Platform Name="iOSSimulator">
                        <Operation>1</Operation>
                    </Platform>
                    <Platform Name="OSX32">
                        <RemoteDir>Contents\MacOS</RemoteDir>
                        <Operation>1</Operation>
                    </Platform>
                    <Platform Name="Win32">
                        <RemoteDir>Contents\MacOS</RemoteDir>
                        <Operation>0</Operation>
                    </Platform>
                </DeployClass>
                <DeployClass Name="AndroidClassesDexFile">
                    <Platform Name="Android">
                        <RemoteDir>classes</RemoteDir>
                        <Operation>1</Operation>
                    </Platform>
                </DeployClass>
                <DeployClass Name="AndroidGDBServer">
                    <Platform Name="Android">
                        <RemoteDir>library\lib\armeabi-v7a</RemoteDir>
                        <Operation>1</Operation>
                    </Platform>
                </DeployClass>
                <DeployClass Name="AndroidLibnativeArmeabiFile">
                    <Platform Name="Android">
                        <RemoteDir>library\lib\armeabi</RemoteDir>
                        <Operation>1</Operation>
                    </Platform>
                </DeployClass>
                <DeployClass Name="AndroidLibnativeMipsFile">
                    <Platform Name="Android">
                        <RemoteDir>library\lib\mips</RemoteDir>
                        <Operation>1</Operation>
                    </Platform>
                </DeployClass>
                <DeployClass Name="AndroidServiceOutput">
                    <Platform Name="Android">
                        <RemoteDir>library\lib\armeabi-v7a</RemoteDir>
                        <Operation>1</Operation>
                    </Platform>
                </DeployClass>
                <DeployClass Name="AndroidSplashImageDef">
                    <Platform Name="Android">
                        <RemoteDir>res\drawable</RemoteDir>
                        <Operation>1</Operation>
                    </Platform>
                </DeployClass>
                <DeployClass Name="AndroidSplashStyles">
                    <Platform Name="Android">
                        <RemoteDir>res\values</RemoteDir>
                        <Operation>1</Operation>
                    </Platform>
                </DeployClass>
                <DeployClass Name="Android_DefaultAppIcon">
                    <Platform Name="Android">
                        <RemoteDir>res\drawable</RemoteDir>
                        <Operation>1</Operation>
                    </Platform>
                </DeployClass>
                <DeployClass Name="Android_LauncherIcon144">
                    <Platform Name="Android">
                        <RemoteDir>res\drawable-xxhdpi</RemoteDir>
                        <Operation>1</Operation>
                    </Platform>
                </DeployClass>
                <DeployClass Name="Android_LauncherIcon36">
                    <Platform Name="Android">
                        <RemoteDir>res\drawable-ldpi</RemoteDir>
                        <Operation>1</Operation>
                    </Platform>
                </DeployClass>
                <DeployClass Name="Android_LauncherIcon48">
                    <Platform Name="Android">
                        <RemoteDir>res\drawable-mdpi</RemoteDir>
                        <Operation>1</Operation>
                    </Platform>
                </DeployClass>
                <DeployClass Name="Android_LauncherIcon72">
                    <Platform Name="Android">
                        <RemoteDir>res\drawable-hdpi</RemoteDir>
                        <Operation>1</Operation>
                    </Platform>
                </DeployClass>
                <DeployClass Name="Android_LauncherIcon96">
                    <Platform Name="Android">
                        <RemoteDir>res\drawable-xhdpi</RemoteDir>
                        <Operation>1</Operation>
                    </Platform>
                </DeployClass>
                <DeployClass Name="Android_SplashImage426">
                    <Platform Name="Android">
                        <RemoteDir>res\drawable-small</RemoteDir>
                        <Operation>1</Operation>
                    </Platform>
                </DeployClass>
                <DeployClass Name="Android_SplashImage470">
                    <Platform Name="Android">
                        <RemoteDir>res\drawable-normal</RemoteDir>
                        <Operation>1</Operation>
                    </Platform>
                </DeployClass>
                <DeployClass Name="Android_SplashImage640">
                    <Platform Name="Android">
                        <RemoteDir>res\drawable-large</RemoteDir>
                        <Operation>1</Operation>
                    </Platform>
                </DeployClass>
                <DeployClass Name="Android_SplashImage960">
                    <Platform Name="Android">
                        <RemoteDir>res\drawable-xlarge</RemoteDir>
                        <Operation>1</Operation>
                    </Platform>
                </DeployClass>
                <DeployClass Name="DebugSymbols">
                    <Platform Name="iOSSimulator">
                        <Operation>1</Operation>
                    </Platform>
                    <Platform Name="OSX32">
                        <RemoteDir>Contents\MacOS</RemoteDir>
                        <Operation>1</Operation>
                    </Platform>
                    <Platform Name="Win32">
                        <Operation>0</Operation>
                    </Platform>
                </DeployClass>
                <DeployClass Name="DependencyFramework">
                    <Platform Name="OSX32">
                        <RemoteDir>Contents\MacOS</RemoteDir>
                        <Operation>1</Operation>
                        <Extensions>.framework</Extensions>
                    </Platform>
                    <Platform Name="Win32">
                        <Operation>0</Operation>
                    </Platform>
                </DeployClass>
                <DeployClass Name="DependencyModule">
                    <Platform Name="iOSDevice32">
                        <Operation>1</Operation>
                        <Extensions>.dylib</Extensions>
                    </Platform>
                    <Platform Name="iOSDevice64">
                        <Operation>1</Operation>
                        <Extensions>.dylib</Extensions>
                    </Platform>
                    <Platform Name="iOSSimulator">
                        <Operation>1</Operation>
                        <Extensions>.dylib</Extensions>
                    </Platform>
                    <Platform Name="OSX32">
                        <RemoteDir>Contents\MacOS</RemoteDir>
                        <Operation>1</Operation>
                        <Extensions>.dylib</Extensions>
                    </Platform>
                    <Platform Name="Win32">
                        <Operation>0</Operation>
                        <Extensions>.dll;.bpl</Extensions>
                    </Platform>
                </DeployClass>
                <DeployClass Required="true" Name="DependencyPackage">
                    <Platform Name="iOSDevice32">
                        <Operation>1</Operation>
                        <Extensions>.dylib</Extensions>
                    </Platform>
                    <Platform Name="iOSDevice64">
                        <Operation>1</Operation>
                        <Extensions>.dylib</Extensions>
                    </Platform>
                    <Platform Name="iOSSimulator">
                        <Operation>1</Operation>
                        <Extensions>.dylib</Extensions>
                    </Platform>
                    <Platform Name="OSX32">
                        <RemoteDir>Contents\MacOS</RemoteDir>
                        <Operation>1</Operation>
                        <Extensions>.dylib</Extensions>
                    </Platform>
                    <Platform Name="Win32">
                        <Operation>0</Operation>
                        <Extensions>.bpl</Extensions>
                    </Platform>
                </DeployClass>
                <DeployClass Name="File">
                    <Platform Name="Android">
                        <Operation>0</Operation>
                    </Platform>
                    <Platform Name="iOSDevice32">
                        <Operation>0</Operation>
                    </Platform>
                    <Platform Name="iOSDevice64">
                        <Operation>0</Operation>
                    </Platform>
                    <Platform Name="iOSSimulator">
                        <Operation>0</Operation>
                    </Platform>
                    <Platform Name="OSX32">
                        <RemoteDir>Contents\Resources\StartUp\</RemoteDir>
                        <Operation>0</Operation>
                    </Platform>
                    <Platform Name="Win32">
                        <Operation>0</Operation>
                    </Platform>
                </DeployClass>
                <DeployClass Name="iPad_Launch1024">
                    <Platform Name="iOSDevice32">
                        <Operation>1</Operation>
                    </Platform>
                    <Platform Name="iOSDevice64">
                        <Operation>1</Operation>
                    </Platform>
                    <Platform Name="iOSSimulator">
                        <Operation>1</Operation>
                    </Platform>
                </DeployClass>
                <DeployClass Name="iPad_Launch1536">
                    <Platform Name="iOSDevice32">
                        <Operation>1</Operation>
                    </Platform>
                    <Platform Name="iOSDevice64">
                        <Operation>1</Operation>
                    </Platform>
                    <Platform Name="iOSSimulator">
                        <Operation>1</Operation>
                    </Platform>
                </DeployClass>
                <DeployClass Name="iPad_Launch2048">
                    <Platform Name="iOSDevice32">
                        <Operation>1</Operation>
                    </Platform>
                    <Platform Name="iOSDevice64">
                        <Operation>1</Operation>
                    </Platform>
                    <Platform Name="iOSSimulator">
                        <Operation>1</Operation>
                    </Platform>
                </DeployClass>
                <DeployClass Name="iPad_Launch768">
                    <Platform Name="iOSDevice32">
                        <Operation>1</Operation>
                    </Platform>
                    <Platform Name="iOSDevice64">
                        <Operation>1</Operation>
                    </Platform>
                    <Platform Name="iOSSimulator">
                        <Operation>1</Operation>
                    </Platform>
                </DeployClass>
                <DeployClass Name="iPhone_Launch320">
                    <Platform Name="iOSDevice32">
                        <Operation>1</Operation>
                    </Platform>
                    <Platform Name="iOSDevice64">
                        <Operation>1</Operation>
                    </Platform>
                    <Platform Name="iOSSimulator">
                        <Operation>1</Operation>
                    </Platform>
                </DeployClass>
                <DeployClass Name="iPhone_Launch640">
                    <Platform Name="iOSDevice32">
                        <Operation>1</Operation>
                    </Platform>
                    <Platform Name="iOSDevice64">
                        <Operation>1</Operation>
                    </Platform>
                    <Platform Name="iOSSimulator">
                        <Operation>1</Operation>
                    </Platform>
                </DeployClass>
                <DeployClass Name="iPhone_Launch640x1136">
                    <Platform Name="iOSDevice32">
                        <Operation>1</Operation>
                    </Platform>
                    <Platform Name="iOSDevice64">
                        <Operation>1</Operation>
                    </Platform>
                    <Platform Name="iOSSimulator">
                        <Operation>1</Operation>
                    </Platform>
                </DeployClass>
                <DeployClass Name="ProjectAndroidManifest">
                    <Platform Name="Android">
                        <Operation>1</Operation>
                    </Platform>
                </DeployClass>
                <DeployClass Name="ProjectiOSDeviceDebug">
                    <Platform Name="iOSDevice32">
                        <RemoteDir>..\$(PROJECTNAME).app.dSYM\Contents\Resources\DWARF</RemoteDir>
                        <Operation>1</Operation>
                    </Platform>
                    <Platform Name="iOSDevice64">
                        <RemoteDir>..\$(PROJECTNAME).app.dSYM\Contents\Resources\DWARF</RemoteDir>
                        <Operation>1</Operation>
                    </Platform>
                </DeployClass>
                <DeployClass Name="ProjectiOSDeviceResourceRules">
                    <Platform Name="iOSDevice32">
                        <Operation>1</Operation>
                    </Platform>
                    <Platform Name="iOSDevice64">
                        <Operation>1</Operation>
                    </Platform>
                </DeployClass>
                <DeployClass Name="ProjectiOSEntitlements">
                    <Platform Name="iOSDevice32">
                        <RemoteDir>..\</RemoteDir>
                        <Operation>1</Operation>
                    </Platform>
                    <Platform Name="iOSDevice64">
                        <RemoteDir>..\</RemoteDir>
                        <Operation>1</Operation>
                    </Platform>
                </DeployClass>
                <DeployClass Name="ProjectiOSInfoPList">
                    <Platform Name="iOSDevice32">
                        <Operation>1</Operation>
                    </Platform>
                    <Platform Name="iOSDevice64">
                        <Operation>1</Operation>
                    </Platform>
                    <Platform Name="iOSSimulator">
                        <Operation>1</Operation>
                    </Platform>
                </DeployClass>
                <DeployClass Name="ProjectiOSResource">
                    <Platform Name="iOSDevice32">
                        <Operation>1</Operation>
                    </Platform>
                    <Platform Name="iOSDevice64">
                        <Operation>1</Operation>
                    </Platform>
                    <Platform Name="iOSSimulator">
                        <Operation>1</Operation>
                    </Platform>
                </DeployClass>
                <DeployClass Name="ProjectOSXEntitlements">
                    <Platform Name="OSX32">
                        <RemoteDir>..\</RemoteDir>
                        <Operation>1</Operation>
                    </Platform>
                </DeployClass>
                <DeployClass Name="ProjectOSXInfoPList">
                    <Platform Name="OSX32">
                        <RemoteDir>Contents</RemoteDir>
                        <Operation>1</Operation>
                    </Platform>
                </DeployClass>
                <DeployClass Name="ProjectOSXResource">
                    <Platform Name="OSX32">
                        <RemoteDir>Contents\Resources</RemoteDir>
                        <Operation>1</Operation>
                    </Platform>
                </DeployClass>
                <DeployClass Required="true" Name="ProjectOutput">
                    <Platform Name="Android">
                        <RemoteDir>library\lib\armeabi-v7a</RemoteDir>
                        <Operation>1</Operation>
                    </Platform>
                    <Platform Name="iOSDevice32">
                        <Operation>1</Operation>
                    </Platform>
                    <Platform Name="iOSDevice64">
                        <Operation>1</Operation>
                    </Platform>
                    <Platform Name="iOSSimulator">
                        <Operation>1</Operation>
                    </Platform>
                    <Platform Name="Linux64">
                        <Operation>1</Operation>
                    </Platform>
                    <Platform Name="OSX32">
                        <RemoteDir>Contents\MacOS</RemoteDir>
                        <Operation>1</Operation>
                    </Platform>
                    <Platform Name="Win32">
                        <Operation>0</Operation>
                    </Platform>
                </DeployClass>
                <DeployClass Name="ProjectUWPManifest">
                    <Platform Name="Win32">
                        <Operation>1</Operation>
                    </Platform>
                    <Platform Name="Win64">
                        <Operation>1</Operation>
                    </Platform>
                </DeployClass>
                <DeployClass Name="UWP_DelphiLogo150">
                    <Platform Name="Win32">
                        <RemoteDir>Assets</RemoteDir>
                        <Operation>1</Operation>
                    </Platform>
                    <Platform Name="Win64">
                        <RemoteDir>Assets</RemoteDir>
                        <Operation>1</Operation>
                    </Platform>
                </DeployClass>
                <DeployClass Name="UWP_DelphiLogo44">
                    <Platform Name="Win32">
                        <RemoteDir>Assets</RemoteDir>
                        <Operation>1</Operation>
                    </Platform>
                    <Platform Name="Win64">
                        <RemoteDir>Assets</RemoteDir>
                        <Operation>1</Operation>
                    </Platform>
                </DeployClass>
                <ProjectRoot Platform="iOSDevice64" Name="$(PROJECTNAME).app"/>
                <ProjectRoot Platform="Win64" Name="$(PROJECTNAME)"/>
                <ProjectRoot Platform="iOSDevice32" Name="$(PROJECTNAME).app"/>
                <ProjectRoot Platform="Win32" Name="$(PROJECTNAME)"/>
                <ProjectRoot Platform="Linux64" Name="$(PROJECTNAME)"/>
                <ProjectRoot Platform="OSX32" Name="$(PROJECTNAME).app"/>
                <ProjectRoot Platform="Android" Name="$(PROJECTNAME)"/>
                <ProjectRoot Platform="iOSSimulator" Name="$(PROJECTNAME).app"/>
            </Deployment>
            <Platforms>
                <Platform value="Win32">True</Platform>
                <Platform value="Win64">False</Platform>
            </Platforms>
            <ModelSupport>False</ModelSupport>
        </BorlandProject>
        <ProjectFileVersion>12</ProjectFileVersion>
    </ProjectExtensions>
    <Import Condition="Exists('$(BDS)\Bin\CodeGear.Delphi.Targets')" Project="$(BDS)\Bin\CodeGear.Delphi.Targets"/>
    <Import Condition="Exists('$(APPDATA)\Embarcadero\$(BDSAPPDATABASEDIR)\$(PRODUCTVERSION)\UserTools.proj')" Project="$(APPDATA)\Embarcadero\$(BDSAPPDATABASEDIR)\$(PRODUCTVERSION)\UserTools.proj"/>
    <Import Project="$(MSBuildProjectName).deployproj" Condition="Exists('$(MSBuildProjectName).deployproj')"/>
</Project>
